
Microsoft Visual Studio Solution File, Format Version 11.00
# Visual Studio 2010
Project("{FAE04EC0-301F-11D3-BF4B-00C04F79EFBC}") = "Assembly-CSharp", "Assembly-CSharp.csproj", "{397CC378-E0F3-E573-62D8-93BA1C7D656A}"
EndProject
Project("{FAE04EC0-301F-11D3-BF4B-00C04F79EFBC}") = "Assembly-CSharp-Editor", "Assembly-CSharp-Editor.csproj", "{7FE42200-3D72-5D93-851A-8BC292D9AF0B}"
EndProject
Global
	GlobalSection(SolutionConfigurationPlatforms) = preSolution
		Debug|Any CPU = Debug|Any CPU
		Release|Any CPU = Release|Any CPU
	EndGlobalSection
	GlobalSection(ProjectConfigurationPlatforms) = postSolution
		{397CC378-E0F3-E573-62D8-93BA1C7D656A}.Debug|Any CPU.ActiveCfg = Debug|Any CPU
		{397CC378-E0F3-E573-62D8-93BA1C7D656A}.Debug|Any CPU.Build.0 = Debug|Any CPU
		{397CC378-E0F3-E573-62D8-93BA1C7D656A}.Release|Any CPU.ActiveCfg = Release|Any CPU
		{397CC378-E0F3-E573-62D8-93BA1C7D656A}.Release|Any CPU.Build.0 = Release|Any CPU
		{7FE42200-3D72-5D93-851A-8BC292D9AF0B}.Debug|Any CPU.ActiveCfg = Debug|Any CPU
		{7FE42200-3D72-5D93-851A-8BC292D9AF0B}.Debug|Any CPU.Build.0 = Debug|Any CPU
		{7FE42200-3D72-5D93-851A-8BC292D9AF0B}.Release|Any CPU.ActiveCfg = Release|Any CPU
		{7FE42200-3D72-5D93-851A-8BC292D9AF0B}.Release|Any CPU.Build.0 = Release|Any CPU
	EndGlobalSection
	GlobalSection(SolutionProperties) = preSolution
		HideSolutionNode = FALSE
	EndGlobalSection
EndGlobal
