
Microsoft Visual Studio Solution File, Format Version 11.00
# Visual Studio 2010
Project("{FAE04EC0-301F-11D3-BF4B-00C04F79EFBC}") = "Assembly-CSharp", "Assembly-CSharp.csproj", "{78c37c39-f3e0-73e5-62d8-93ba1c7d656a}"
EndProject
Project("{FAE04EC0-301F-11D3-BF4B-00C04F79EFBC}") = "Assembly-CSharp-Editor", "Assembly-CSharp-Editor.csproj", "{0022e47f-723d-935d-851a-8bc292d9af0b}"
EndProject
Global
	GlobalSection(SolutionConfigurationPlatforms) = preSolution
		Debug|Any CPU = Debug|Any CPU
		Release|Any CPU = Release|Any CPU
	EndGlobalSection
	GlobalSection(ProjectConfigurationPlatforms) = postSolution
		{78c37c39-f3e0-73e5-62d8-93ba1c7d656a}.Debug|Any CPU.ActiveCfg = Debug|Any CPU
		{78c37c39-f3e0-73e5-62d8-93ba1c7d656a}.Debug|Any CPU.Build.0 = Debug|Any CPU
		{78c37c39-f3e0-73e5-62d8-93ba1c7d656a}.Release|Any CPU.ActiveCfg = Release|Any CPU
		{78c37c39-f3e0-73e5-62d8-93ba1c7d656a}.Release|Any CPU.Build.0 = Release|Any CPU
		{0022e47f-723d-935d-851a-8bc292d9af0b}.Debug|Any CPU.ActiveCfg = Debug|Any CPU
		{0022e47f-723d-935d-851a-8bc292d9af0b}.Debug|Any CPU.Build.0 = Debug|Any CPU
		{0022e47f-723d-935d-851a-8bc292d9af0b}.Release|Any CPU.ActiveCfg = Release|Any CPU
		{0022e47f-723d-935d-851a-8bc292d9af0b}.Release|Any CPU.Build.0 = Release|Any CPU
	EndGlobalSection
	GlobalSection(SolutionProperties) = preSolution
		HideSolutionNode = FALSE
	EndGlobalSection
EndGlobal
